
Microsoft Visual Studio Solution File, Format Version 12.00
# Visual Studio 15
VisualStudioVersion = 15.0.27428.2005
MinimumVisualStudioVersion = 10.0.40219.1
Project("{8BC9CEB8-8B4A-11D0-8D11-00A0C91BC942}") = "GPGPU-Mesh-Smoothing-VS", "GPGPU-Mesh-Smoothing-VS\GPGPU-Mesh-Smoothing-VS.vcxproj", "{C17E390E-A1B9-4269-B71D-6353C23CEF79}"
EndProject
Global
	GlobalSection(SolutionConfigurationPlatforms) = preSolution
		Debug|x64 = Debug|x64
		Debug|x86 = Debug|x86
		Release|x64 = Release|x64
		Release|x86 = Release|x86
	EndGlobalSection
	GlobalSection(ProjectConfigurationPlatforms) = postSolution
		{C17E390E-A1B9-4269-B71D-6353C23CEF79}.Debug|x64.ActiveCfg = Debug|x64
		{C17E390E-A1B9-4269-B71D-6353C23CEF79}.Debug|x64.Build.0 = Debug|x64
		{C17E390E-A1B9-4269-B71D-6353C23CEF79}.Debug|x86.ActiveCfg = Debug|Win32
		{C17E390E-A1B9-4269-B71D-6353C23CEF79}.Debug|x86.Build.0 = Debug|Win32
		{C17E390E-A1B9-4269-B71D-6353C23CEF79}.Release|x64.ActiveCfg = Release|x64
		{C17E390E-A1B9-4269-B71D-6353C23CEF79}.Release|x64.Build.0 = Release|x64
		{C17E390E-A1B9-4269-B71D-6353C23CEF79}.Release|x86.ActiveCfg = Release|Win32
		{C17E390E-A1B9-4269-B71D-6353C23CEF79}.Release|x86.Build.0 = Release|Win32
	EndGlobalSection
	GlobalSection(SolutionProperties) = preSolution
		HideSolutionNode = FALSE
	EndGlobalSection
	GlobalSection(ExtensibilityGlobals) = postSolution
		SolutionGuid = {35BA4811-A97C-4E37-AABA-73F4CEFAD6AF}
	EndGlobalSection
EndGlobal
